
Microsoft Visual Studio Solution File, Format Version 12.00
# Visual Studio Version 16
VisualStudioVersion = 16.0.32630.194
MinimumVisualStudioVersion = 10.0.40219.1
Project("{2150E333-8FDC-42A3-9474-1A3956D46DE8}") = "0. Solution Items", "0. Solution Items", "{65EBB3B0-8CE4-4194-8D18-ADFFA0CABFAA}"
	ProjectSection(SolutionItems) = preProject
		README.md = README.md
	EndProjectSection
EndProject
Project("{9A19103F-16F7-4668-BE54-9A1E7A4F7556}") = "EDMSolution.Data", "EDMSolution.Data\EDMSolution.Data.csproj", "{C3E5662F-BF66-43C3-8000-A160B258FCC0}"
EndProject
Project("{9A19103F-16F7-4668-BE54-9A1E7A4F7556}") = "EDMSolution.Application", "EDMSolution.Application\EDMSolution.Application.csproj", "{CF467D40-F888-4286-BE06-95C1D67C9026}"
EndProject
Project("{9A19103F-16F7-4668-BE54-9A1E7A4F7556}") = "EDMSolution.Utilities", "EDMSolution.Utilities\EDMSolution.Utilities.csproj", "{2A0DC3D4-DA8E-4105-88AA-D6148ED16081}"
EndProject
Project("{9A19103F-16F7-4668-BE54-9A1E7A4F7556}") = "EDMSolution.ViewModels", "EDMSolution.ViewModels\EDMSolution.ViewModels.csproj", "{0BF5D0E5-80DD-46E8-8B25-1BFD392A1B5A}"
EndProject
Project("{2150E333-8FDC-42A3-9474-1A3956D46DE8}") = "1.Infrastructure", "1.Infrastructure", "{312F3736-251C-4B53-81FB-0FF9DDCF832C}"
EndProject
Project("{2150E333-8FDC-42A3-9474-1A3956D46DE8}") = "2.Domain", "2.Domain", "{E1B353E2-F419-4589-87F7-53008910CB55}"
EndProject
Project("{2150E333-8FDC-42A3-9474-1A3956D46DE8}") = "3.Hosts", "3.Hosts", "{39D10C26-42E8-4F82-8E75-1C4B408E460D}"
EndProject
Project("{2150E333-8FDC-42A3-9474-1A3956D46DE8}") = "4. Unit Test", "4. Unit Test", "{CE81DA45-375F-45D0-93F6-3B17958DBD85}"
EndProject
Project("{9A19103F-16F7-4668-BE54-9A1E7A4F7556}") = "EDMSolution.BackendApi", "EDMSolution.BackendApi\EDMSolution.BackendApi.csproj", "{E9D42D71-9C41-456B-BE5F-B7D12404DD9D}"
EndProject
Global
	GlobalSection(SolutionConfigurationPlatforms) = preSolution
		Debug|Any CPU = Debug|Any CPU
		Release|Any CPU = Release|Any CPU
	EndGlobalSection
	GlobalSection(ProjectConfigurationPlatforms) = postSolution
		{C3E5662F-BF66-43C3-8000-A160B258FCC0}.Debug|Any CPU.ActiveCfg = Debug|Any CPU
		{C3E5662F-BF66-43C3-8000-A160B258FCC0}.Debug|Any CPU.Build.0 = Debug|Any CPU
		{C3E5662F-BF66-43C3-8000-A160B258FCC0}.Release|Any CPU.ActiveCfg = Release|Any CPU
		{C3E5662F-BF66-43C3-8000-A160B258FCC0}.Release|Any CPU.Build.0 = Release|Any CPU
		{CF467D40-F888-4286-BE06-95C1D67C9026}.Debug|Any CPU.ActiveCfg = Debug|Any CPU
		{CF467D40-F888-4286-BE06-95C1D67C9026}.Debug|Any CPU.Build.0 = Debug|Any CPU
		{CF467D40-F888-4286-BE06-95C1D67C9026}.Release|Any CPU.ActiveCfg = Release|Any CPU
		{CF467D40-F888-4286-BE06-95C1D67C9026}.Release|Any CPU.Build.0 = Release|Any CPU
		{2A0DC3D4-DA8E-4105-88AA-D6148ED16081}.Debug|Any CPU.ActiveCfg = Debug|Any CPU
		{2A0DC3D4-DA8E-4105-88AA-D6148ED16081}.Debug|Any CPU.Build.0 = Debug|Any CPU
		{2A0DC3D4-DA8E-4105-88AA-D6148ED16081}.Release|Any CPU.ActiveCfg = Release|Any CPU
		{2A0DC3D4-DA8E-4105-88AA-D6148ED16081}.Release|Any CPU.Build.0 = Release|Any CPU
		{0BF5D0E5-80DD-46E8-8B25-1BFD392A1B5A}.Debug|Any CPU.ActiveCfg = Debug|Any CPU
		{0BF5D0E5-80DD-46E8-8B25-1BFD392A1B5A}.Debug|Any CPU.Build.0 = Debug|Any CPU
		{0BF5D0E5-80DD-46E8-8B25-1BFD392A1B5A}.Release|Any CPU.ActiveCfg = Release|Any CPU
		{0BF5D0E5-80DD-46E8-8B25-1BFD392A1B5A}.Release|Any CPU.Build.0 = Release|Any CPU
		{E9D42D71-9C41-456B-BE5F-B7D12404DD9D}.Debug|Any CPU.ActiveCfg = Debug|Any CPU
		{E9D42D71-9C41-456B-BE5F-B7D12404DD9D}.Debug|Any CPU.Build.0 = Debug|Any CPU
		{E9D42D71-9C41-456B-BE5F-B7D12404DD9D}.Release|Any CPU.ActiveCfg = Release|Any CPU
		{E9D42D71-9C41-456B-BE5F-B7D12404DD9D}.Release|Any CPU.Build.0 = Release|Any CPU
	EndGlobalSection
	GlobalSection(SolutionProperties) = preSolution
		HideSolutionNode = FALSE
	EndGlobalSection
	GlobalSection(NestedProjects) = preSolution
		{C3E5662F-BF66-43C3-8000-A160B258FCC0} = {E1B353E2-F419-4589-87F7-53008910CB55}
		{CF467D40-F888-4286-BE06-95C1D67C9026} = {E1B353E2-F419-4589-87F7-53008910CB55}
		{2A0DC3D4-DA8E-4105-88AA-D6148ED16081} = {312F3736-251C-4B53-81FB-0FF9DDCF832C}
		{0BF5D0E5-80DD-46E8-8B25-1BFD392A1B5A} = {312F3736-251C-4B53-81FB-0FF9DDCF832C}
		{E9D42D71-9C41-456B-BE5F-B7D12404DD9D} = {39D10C26-42E8-4F82-8E75-1C4B408E460D}
	EndGlobalSection
	GlobalSection(ExtensibilityGlobals) = postSolution
		SolutionGuid = {4277D943-E39E-4914-AE8B-DBA92CC1E3C7}
	EndGlobalSection
EndGlobal
